
Microsoft Visual Studio Solution File, Format Version 12.00
# Visual Studio 14
VisualStudioVersion = 14.0.24720.0
MinimumVisualStudioVersion = 10.0.40219.1
Project("{FAE04EC0-301F-11D3-BF4B-00C04F79EFBC}") = "HelloWorld", "HelloWorld\HelloWorld.csproj", "{CDC3FEAE-54B7-439C-9B7C-F0F1470BB0B2}"
EndProject
Project("{FAE04EC0-301F-11D3-BF4B-00C04F79EFBC}") = "ValueTypes", "ValueTypes\ValueTypes.csproj", "{9895555C-4920-4457-B30E-443F93BC3FB9}"
EndProject
Project("{FAE04EC0-301F-11D3-BF4B-00C04F79EFBC}") = "Boxing", "Boxing\Boxing.csproj", "{A2BDA967-2AED-4ABE-B0CA-E658E8FE53B1}"
EndProject
Project("{FAE04EC0-301F-11D3-BF4B-00C04F79EFBC}") = "ArraysAndArraysLists", "ArraysAndArraysLists\ArraysAndArraysLists.csproj", "{92A3E07D-A14A-48D5-A4AD-059D57BDF2AD}"
EndProject
Project("{FAE04EC0-301F-11D3-BF4B-00C04F79EFBC}") = "Strings", "Strings\Strings.csproj", "{B8F7C468-EEDB-45BB-85AD-4AD6D43A3E5A}"
EndProject
Project("{FAE04EC0-301F-11D3-BF4B-00C04F79EFBC}") = "SelectionsStatements", "SelectionsStatements\SelectionsStatements.csproj", "{6ADF7167-5A78-4486-BBBF-CB868D7AA014}"
EndProject
Project("{FAE04EC0-301F-11D3-BF4B-00C04F79EFBC}") = "IterationStatements", "IterationStatements\IterationStatements.csproj", "{8D85DE83-2368-4BE1-B9B7-8F3010BF2441}"
EndProject
Project("{FAE04EC0-301F-11D3-BF4B-00C04F79EFBC}") = "ForeachStatement", "ForeachStatement\ForeachStatement.csproj", "{C8BF6632-D27C-46C9-9A2E-4B4BE50AE466}"
EndProject
Project("{FAE04EC0-301F-11D3-BF4B-00C04F79EFBC}") = "anonymousTypes", "anonymousTypes\anonymousTypes.csproj", "{0C44BAF7-5C97-411C-A1B5-EA2F13C6FBD3}"
EndProject
Project("{FAE04EC0-301F-11D3-BF4B-00C04F79EFBC}") = "Operator", "Operator\Operator.csproj", "{28361FF4-8C6F-46F5-8210-0AFE74715821}"
EndProject
Global
	GlobalSection(SolutionConfigurationPlatforms) = preSolution
		Debug|Any CPU = Debug|Any CPU
		Release|Any CPU = Release|Any CPU
	EndGlobalSection
	GlobalSection(ProjectConfigurationPlatforms) = postSolution
		{CDC3FEAE-54B7-439C-9B7C-F0F1470BB0B2}.Debug|Any CPU.ActiveCfg = Debug|Any CPU
		{CDC3FEAE-54B7-439C-9B7C-F0F1470BB0B2}.Debug|Any CPU.Build.0 = Debug|Any CPU
		{CDC3FEAE-54B7-439C-9B7C-F0F1470BB0B2}.Release|Any CPU.ActiveCfg = Release|Any CPU
		{CDC3FEAE-54B7-439C-9B7C-F0F1470BB0B2}.Release|Any CPU.Build.0 = Release|Any CPU
		{9895555C-4920-4457-B30E-443F93BC3FB9}.Debug|Any CPU.ActiveCfg = Debug|Any CPU
		{9895555C-4920-4457-B30E-443F93BC3FB9}.Debug|Any CPU.Build.0 = Debug|Any CPU
		{9895555C-4920-4457-B30E-443F93BC3FB9}.Release|Any CPU.ActiveCfg = Release|Any CPU
		{9895555C-4920-4457-B30E-443F93BC3FB9}.Release|Any CPU.Build.0 = Release|Any CPU
		{A2BDA967-2AED-4ABE-B0CA-E658E8FE53B1}.Debug|Any CPU.ActiveCfg = Debug|Any CPU
		{A2BDA967-2AED-4ABE-B0CA-E658E8FE53B1}.Debug|Any CPU.Build.0 = Debug|Any CPU
		{A2BDA967-2AED-4ABE-B0CA-E658E8FE53B1}.Release|Any CPU.ActiveCfg = Release|Any CPU
		{A2BDA967-2AED-4ABE-B0CA-E658E8FE53B1}.Release|Any CPU.Build.0 = Release|Any CPU
		{92A3E07D-A14A-48D5-A4AD-059D57BDF2AD}.Debug|Any CPU.ActiveCfg = Debug|Any CPU
		{92A3E07D-A14A-48D5-A4AD-059D57BDF2AD}.Debug|Any CPU.Build.0 = Debug|Any CPU
		{92A3E07D-A14A-48D5-A4AD-059D57BDF2AD}.Release|Any CPU.ActiveCfg = Release|Any CPU
		{92A3E07D-A14A-48D5-A4AD-059D57BDF2AD}.Release|Any CPU.Build.0 = Release|Any CPU
		{B8F7C468-EEDB-45BB-85AD-4AD6D43A3E5A}.Debug|Any CPU.ActiveCfg = Debug|Any CPU
		{B8F7C468-EEDB-45BB-85AD-4AD6D43A3E5A}.Debug|Any CPU.Build.0 = Debug|Any CPU
		{B8F7C468-EEDB-45BB-85AD-4AD6D43A3E5A}.Release|Any CPU.ActiveCfg = Release|Any CPU
		{B8F7C468-EEDB-45BB-85AD-4AD6D43A3E5A}.Release|Any CPU.Build.0 = Release|Any CPU
		{6ADF7167-5A78-4486-BBBF-CB868D7AA014}.Debug|Any CPU.ActiveCfg = Debug|Any CPU
		{6ADF7167-5A78-4486-BBBF-CB868D7AA014}.Debug|Any CPU.Build.0 = Debug|Any CPU
		{6ADF7167-5A78-4486-BBBF-CB868D7AA014}.Release|Any CPU.ActiveCfg = Release|Any CPU
		{6ADF7167-5A78-4486-BBBF-CB868D7AA014}.Release|Any CPU.Build.0 = Release|Any CPU
		{8D85DE83-2368-4BE1-B9B7-8F3010BF2441}.Debug|Any CPU.ActiveCfg = Debug|Any CPU
		{8D85DE83-2368-4BE1-B9B7-8F3010BF2441}.Debug|Any CPU.Build.0 = Debug|Any CPU
		{8D85DE83-2368-4BE1-B9B7-8F3010BF2441}.Release|Any CPU.ActiveCfg = Release|Any CPU
		{8D85DE83-2368-4BE1-B9B7-8F3010BF2441}.Release|Any CPU.Build.0 = Release|Any CPU
		{C8BF6632-D27C-46C9-9A2E-4B4BE50AE466}.Debug|Any CPU.ActiveCfg = Debug|Any CPU
		{C8BF6632-D27C-46C9-9A2E-4B4BE50AE466}.Debug|Any CPU.Build.0 = Debug|Any CPU
		{C8BF6632-D27C-46C9-9A2E-4B4BE50AE466}.Release|Any CPU.ActiveCfg = Release|Any CPU
		{C8BF6632-D27C-46C9-9A2E-4B4BE50AE466}.Release|Any CPU.Build.0 = Release|Any CPU
		{0C44BAF7-5C97-411C-A1B5-EA2F13C6FBD3}.Debug|Any CPU.ActiveCfg = Debug|Any CPU
		{0C44BAF7-5C97-411C-A1B5-EA2F13C6FBD3}.Debug|Any CPU.Build.0 = Debug|Any CPU
		{0C44BAF7-5C97-411C-A1B5-EA2F13C6FBD3}.Release|Any CPU.ActiveCfg = Release|Any CPU
		{0C44BAF7-5C97-411C-A1B5-EA2F13C6FBD3}.Release|Any CPU.Build.0 = Release|Any CPU
		{28361FF4-8C6F-46F5-8210-0AFE74715821}.Debug|Any CPU.ActiveCfg = Debug|Any CPU
		{28361FF4-8C6F-46F5-8210-0AFE74715821}.Debug|Any CPU.Build.0 = Debug|Any CPU
		{28361FF4-8C6F-46F5-8210-0AFE74715821}.Release|Any CPU.ActiveCfg = Release|Any CPU
		{28361FF4-8C6F-46F5-8210-0AFE74715821}.Release|Any CPU.Build.0 = Release|Any CPU
	EndGlobalSection
	GlobalSection(SolutionProperties) = preSolution
		HideSolutionNode = FALSE
	EndGlobalSection
EndGlobal
